
Microsoft Visual Studio Solution File, Format Version 12.00
# Visual Studio Version 17
VisualStudioVersion = 17.10.35013.160
MinimumVisualStudioVersion = 10.0.40219.1
Project("{9A19103F-16F7-4668-BE54-9A1E7A4F7556}") = "ApiFinShark", "ApiFinShark.csproj", "{8EEF5348-48FA-429D-9C69-CE1DF8536244}"
EndProject
Global
	GlobalSection(SolutionConfigurationPlatforms) = preSolution
		Debug|Any CPU = Debug|Any CPU
		Release|Any CPU = Release|Any CPU
	EndGlobalSection
	GlobalSection(ProjectConfigurationPlatforms) = postSolution
		{8EEF5348-48FA-429D-9C69-CE1DF8536244}.Debug|Any CPU.ActiveCfg = Debug|Any CPU
		{8EEF5348-48FA-429D-9C69-CE1DF8536244}.Debug|Any CPU.Build.0 = Debug|Any CPU
		{8EEF5348-48FA-429D-9C69-CE1DF8536244}.Release|Any CPU.ActiveCfg = Release|Any CPU
		{8EEF5348-48FA-429D-9C69-CE1DF8536244}.Release|Any CPU.Build.0 = Release|Any CPU
	EndGlobalSection
	GlobalSection(SolutionProperties) = preSolution
		HideSolutionNode = FALSE
	EndGlobalSection
	GlobalSection(ExtensibilityGlobals) = postSolution
		SolutionGuid = {20E9B0A2-87F3-449A-8EDB-C7AED1196588}
	EndGlobalSection
EndGlobal
